{
  "originHash" : "e6183d2ab6f7d47cd51e56d1556ccc13105b103d9c213afd04bcc669be082d80",
  "pins" : [
    {
      "identity" : "surge",
      "kind" : "remoteSourceControl",
      "location" : "https://github.com/Jounce/surge",
      "state" : {
        "revision" : "6e4a47e63da8801afe6188cf039e9f04eb577721",
        "version" : "2.3.2"
      }
    }
  ],
  "version" : 3
}
